{
	"name": "youssefsahli",
	"version": "1.0.0",
	"lockfileVersion": 3,
	"requires": true,
	"packages": {
		"": {
			"name": "youssefsahli",
			"version": "1.0.0",
			"license": "ISC",
			"dependencies": {
				"debug": "^4.3.7",
				"eleventy-plugin-icons": "^4.5.1",
				"feather-icons": "^4.29.2",
				"fs": "^0.0.1-security",
				"path": "^0.12.7"
			}
		},
		"node_modules/classnames": {
			"version": "2.5.1",
			"resolved": "https://registry.npmjs.org/classnames/-/classnames-2.5.1.tgz",
			"integrity": "sha512-saHYOzhIQs6wy2sVxTM6bUDsQO4F50V9RQ22qBpEdCW+I+/Wmke2HOl6lS6dTpdxVhb88/I6+Hs+438c3lfUow=="
		},
		"node_modules/core-js": {
			"version": "3.38.1",
			"resolved": "https://registry.npmjs.org/core-js/-/core-js-3.38.1.tgz",
			"integrity": "sha512-OP35aUorbU3Zvlx7pjsFdu1rGNnD4pgw/CWoYzRY3t2EzoVT7shKHY1dlAy3f41cGIO7ZDPQimhGFTlEYkG/Hw==",
			"hasInstallScript": true,
			"funding": {
				"type": "opencollective",
				"url": "https://opencollective.com/core-js"
			}
		},
		"node_modules/debug": {
			"version": "4.3.7",
			"resolved": "https://registry.npmjs.org/debug/-/debug-4.3.7.tgz",
			"integrity": "sha512-Er2nc/H7RrMXZBFCEim6TCmMk02Z8vLC2Rbi1KEBggpo0fS6l0S1nnapwmIi3yW/+GOJap1Krg4w0Hg80oCqgQ==",
			"dependencies": {
				"ms": "^2.1.3"
			},
			"engines": {
				"node": ">=6.0"
			},
			"peerDependenciesMeta": {
				"supports-color": {
					"optional": true
				}
			}
		},
		"node_modules/eleventy-plugin-icons": {
			"version": "4.5.1",
			"resolved": "https://registry.npmjs.org/eleventy-plugin-icons/-/eleventy-plugin-icons-4.5.1.tgz",
			"integrity": "sha512-rwvLa05i6371avfdzt19KzBiVQc/9OLV7OGaD0X0sYzMFu6h+QkhtOGDTCOibUe5FXKDQGly3DQ0Us3IQlsKuw==",
			"dependencies": {
				"fast-xml-parser": "^4.4.0",
				"just-extend": "^6.2.0",
				"just-memoize": "^2.2.0",
				"just-typeof": "^3.2.0",
				"kleur": "^4.1.5"
			},
			"engines": {
				"node": ">=16.20.2"
			}
		},
		"node_modules/fast-xml-parser": {
			"version": "4.5.0",
			"resolved": "https://registry.npmjs.org/fast-xml-parser/-/fast-xml-parser-4.5.0.tgz",
			"integrity": "sha512-/PlTQCI96+fZMAOLMZK4CWG1ItCbfZ/0jx7UIJFChPNrx7tcEgerUgWbeieCM9MfHInUDyK8DWYZ+YrywDJuTg==",
			"funding": [
				{
					"type": "github",
					"url": "https://github.com/sponsors/NaturalIntelligence"
				},
				{
					"type": "paypal",
					"url": "https://paypal.me/naturalintelligence"
				}
			],
			"dependencies": {
				"strnum": "^1.0.5"
			},
			"bin": {
				"fxparser": "src/cli/cli.js"
			}
		},
		"node_modules/feather-icons": {
			"version": "4.29.2",
			"resolved": "https://registry.npmjs.org/feather-icons/-/feather-icons-4.29.2.tgz",
			"integrity": "sha512-0TaCFTnBTVCz6U+baY2UJNKne5ifGh7sMG4ZC2LoBWCZdIyPa+y6UiR4lEYGws1JOFWdee8KAsAIvu0VcXqiqA==",
			"dependencies": {
				"classnames": "^2.2.5",
				"core-js": "^3.1.3"
			}
		},
		"node_modules/fs": {
			"version": "0.0.1-security",
			"resolved": "https://registry.npmjs.org/fs/-/fs-0.0.1-security.tgz",
			"integrity": "sha512-3XY9e1pP0CVEUCdj5BmfIZxRBTSDycnbqhIOGec9QYtmVH2fbLpj86CFWkrNOkt/Fvty4KZG5lTglL9j/gJ87w=="
		},
		"node_modules/inherits": {
			"version": "2.0.3",
			"resolved": "https://registry.npmjs.org/inherits/-/inherits-2.0.3.tgz",
			"integrity": "sha512-x00IRNXNy63jwGkJmzPigoySHbaqpNuzKbBOmzK+g2OdZpQ9w+sxCN+VSB3ja7IAge2OP2qpfxTjeNcyjmW1uw=="
		},
		"node_modules/just-extend": {
			"version": "6.2.0",
			"resolved": "https://registry.npmjs.org/just-extend/-/just-extend-6.2.0.tgz",
			"integrity": "sha512-cYofQu2Xpom82S6qD778jBDpwvvy39s1l/hrYij2u9AMdQcGRpaBu6kY4mVhuno5kJVi1DAz4aiphA2WI1/OAw=="
		},
		"node_modules/just-memoize": {
			"version": "2.2.0",
			"resolved": "https://registry.npmjs.org/just-memoize/-/just-memoize-2.2.0.tgz",
			"integrity": "sha512-zriv+MY+61RXT0QsrO1ZJtL5umouqqSWmCGBkp2wJm35kniunBAA4qhUKx8Lvg/QcwrF9xuw9E6PkevKFf4boQ=="
		},
		"node_modules/just-typeof": {
			"version": "3.2.0",
			"resolved": "https://registry.npmjs.org/just-typeof/-/just-typeof-3.2.0.tgz",
			"integrity": "sha512-nOKazfzrQDEGNwXPfWEB64QD+ATZUnpOTJn0xMnCk41p297P9Emt3BlsRyWbu+CErMjopnFTGcYHJnvFX97ZIQ=="
		},
		"node_modules/kleur": {
			"version": "4.1.5",
			"resolved": "https://registry.npmjs.org/kleur/-/kleur-4.1.5.tgz",
			"integrity": "sha512-o+NO+8WrRiQEE4/7nwRJhN1HWpVmJm511pBHUxPLtp0BUISzlBplORYSmTclCnJvQq2tKu/sgl3xVpkc7ZWuQQ==",
			"engines": {
				"node": ">=6"
			}
		},
		"node_modules/ms": {
			"version": "2.1.3",
			"resolved": "https://registry.npmjs.org/ms/-/ms-2.1.3.tgz",
			"integrity": "sha512-6FlzubTLZG3J2a/NVCAleEhjzq5oxgHyaCU9yYXvcLsvoVaHJq/s5xXI6/XXP6tz7R9xAOtHnSO/tXtF3WRTlA=="
		},
		"node_modules/path": {
			"version": "0.12.7",
			"resolved": "https://registry.npmjs.org/path/-/path-0.12.7.tgz",
			"integrity": "sha512-aXXC6s+1w7otVF9UletFkFcDsJeO7lSZBPUQhtb5O0xJe8LtYhj/GxldoL09bBj9+ZmE2hNoHqQSFMN5fikh4Q==",
			"dependencies": {
				"process": "^0.11.1",
				"util": "^0.10.3"
			}
		},
		"node_modules/process": {
			"version": "0.11.10",
			"resolved": "https://registry.npmjs.org/process/-/process-0.11.10.tgz",
			"integrity": "sha512-cdGef/drWFoydD1JsMzuFf8100nZl+GT+yacc2bEced5f9Rjk4z+WtFUTBu9PhOi9j/jfmBPu0mMEY4wIdAF8A==",
			"engines": {
				"node": ">= 0.6.0"
			}
		},
		"node_modules/strnum": {
			"version": "1.0.5",
			"resolved": "https://registry.npmjs.org/strnum/-/strnum-1.0.5.tgz",
			"integrity": "sha512-J8bbNyKKXl5qYcR36TIO8W3mVGVHrmmxsd5PAItGkmyzwJvybiw2IVq5nqd0i4LSNSkB/sx9VHllbfFdr9k1JA=="
		},
		"node_modules/util": {
			"version": "0.10.4",
			"resolved": "https://registry.npmjs.org/util/-/util-0.10.4.tgz",
			"integrity": "sha512-0Pm9hTQ3se5ll1XihRic3FDIku70C+iHUdT/W926rSgHV5QgXsYbKZN8MSC3tJtSkhuROzvsQjAaFENRXr+19A==",
			"dependencies": {
				"inherits": "2.0.3"
			}
		}
	}
}
